{
  "name": "mod-toolkit",
  "version": "1.0.7",
  "lockfileVersion": 2,
  "requires": true,
  "packages": {
    "": {
      "name": "mod-toolkit",
      "version": "1.0.7",
      "dependencies": {
        "electron-config": "^2.0.0",
        "electron-log": "^5.1.7"
      }
    },
    "node_modules/conf": {
      "version": "1.4.0",
      "resolved": "https://registry.npmjs.org/conf/-/conf-1.4.0.tgz",
      "integrity": "sha512-bzlVWS2THbMetHqXKB8ypsXN4DQ/1qopGwNJi1eYbpwesJcd86FBjFciCQX/YwAhp9bM7NVnPFqZ5LpV7gP0Dg==",
      "dependencies": {
        "dot-prop": "^4.1.0",
        "env-paths": "^1.0.0",
        "make-dir": "^1.0.0",
        "pkg-up": "^2.0.0",
        "write-file-atomic": "^2.3.0"
      },
      "engines": {
        "node": ">=4"
      }
    },
    "node_modules/dot-prop": {
      "version": "4.2.1",
      "resolved": "https://registry.npmjs.org/dot-prop/-/dot-prop-4.2.1.tgz",
      "integrity": "sha512-l0p4+mIuJIua0mhxGoh4a+iNL9bmeK5DvnSVQa6T0OhrVmaEa1XScX5Etc673FePCJOArq/4Pa2cLGODUWTPOQ==",
      "dependencies": {
        "is-obj": "^1.0.0"
      },
      "engines": {
        "node": ">=4"
      }
    },
    "node_modules/electron-config": {
      "version": "2.0.0",
      "resolved": "https://registry.npmjs.org/electron-config/-/electron-config-2.0.0.tgz",
      "integrity": "sha512-5mGwRK4lsAo6tiy4KNF/zUInYpUGr7JJzLA8FHOoqBWV3kkKJWSrDXo4Uk2Ffm5aeQ1o73XuorfkYhaWFV2O4g==",
      "deprecated": "Renamed to `electron-store`.",
      "dependencies": {
        "conf": "^1.0.0"
      }
    },
    "node_modules/electron-log": {
      "version": "5.1.7",
      "resolved": "https://registry.npmjs.org/electron-log/-/electron-log-5.1.7.tgz",
      "integrity": "sha512-/PjrS9zGkrZCDTHt6IgNE3FeciBbi4wd7U76NG9jAoNXF99E9IJdvBkqvaUJ1NjLojYDKs0kTvn9YhKy1/Zi+Q==",
      "engines": {
        "node": ">= 14"
      }
    },
    "node_modules/env-paths": {
      "version": "1.0.0",
      "resolved": "https://registry.npmjs.org/env-paths/-/env-paths-1.0.0.tgz",
      "integrity": "sha512-+6r/UAzikJWJPcQZpBQS+bVmjAMz2BkDP/N4n2Uz1zz8lyw1IHWUeVdh/85gs0dp5A+z76LOQhCZkR6F88mlUw==",
      "engines": {
        "node": ">=4"
      }
    },
    "node_modules/find-up": {
      "version": "2.1.0",
      "resolved": "https://registry.npmjs.org/find-up/-/find-up-2.1.0.tgz",
      "integrity": "sha512-NWzkk0jSJtTt08+FBFMvXoeZnOJD+jTtsRmBYbAIzJdX6l7dLgR7CTubCM5/eDdPUBvLCeVasP1brfVR/9/EZQ==",
      "dependencies": {
        "locate-path": "^2.0.0"
      },
      "engines": {
        "node": ">=4"
      }
    },
    "node_modules/graceful-fs": {
      "version": "4.2.11",
      "resolved": "https://registry.npmjs.org/graceful-fs/-/graceful-fs-4.2.11.tgz",
      "integrity": "sha512-RbJ5/jmFcNNCcDV5o9eTnBLJ/HszWV0P73bc+Ff4nS/rJj+YaS6IGyiOL0VoBYX+l1Wrl3k63h/KrH+nhJ0XvQ=="
    },
    "node_modules/imurmurhash": {
      "version": "0.1.4",
      "resolved": "https://registry.npmjs.org/imurmurhash/-/imurmurhash-0.1.4.tgz",
      "integrity": "sha512-JmXMZ6wuvDmLiHEml9ykzqO6lwFbof0GG4IkcGaENdCRDDmMVnny7s5HsIgHCbaq0w2MyPhDqkhTUgS2LU2PHA==",
      "engines": {
        "node": ">=0.8.19"
      }
    },
    "node_modules/is-obj": {
      "version": "1.0.1",
      "resolved": "https://registry.npmjs.org/is-obj/-/is-obj-1.0.1.tgz",
      "integrity": "sha512-l4RyHgRqGN4Y3+9JHVrNqO+tN0rV5My76uW5/nuO4K1b6vw5G8d/cmFjP9tRfEsdhZNt0IFdZuK/c2Vr4Nb+Qg==",
      "engines": {
        "node": ">=0.10.0"
      }
    },
    "node_modules/locate-path": {
      "version": "2.0.0",
      "resolved": "https://registry.npmjs.org/locate-path/-/locate-path-2.0.0.tgz",
      "integrity": "sha512-NCI2kiDkyR7VeEKm27Kda/iQHyKJe1Bu0FlTbYp3CqJu+9IFe9bLyAjMxf5ZDDbEg+iMPzB5zYyUTSm8wVTKmA==",
      "dependencies": {
        "p-locate": "^2.0.0",
        "path-exists": "^3.0.0"
      },
      "engines": {
        "node": ">=4"
      }
    },
    "node_modules/make-dir": {
      "version": "1.3.0",
      "resolved": "https://registry.npmjs.org/make-dir/-/make-dir-1.3.0.tgz",
      "integrity": "sha512-2w31R7SJtieJJnQtGc7RVL2StM2vGYVfqUOvUDxH6bC6aJTxPxTF0GnIgCyu7tjockiUWAYQRbxa7vKn34s5sQ==",
      "dependencies": {
        "pify": "^3.0.0"
      },
      "engines": {
        "node": ">=4"
      }
    },
    "node_modules/p-limit": {
      "version": "1.3.0",
      "resolved": "https://registry.npmjs.org/p-limit/-/p-limit-1.3.0.tgz",
      "integrity": "sha512-vvcXsLAJ9Dr5rQOPk7toZQZJApBl2K4J6dANSsEuh6QI41JYcsS/qhTGa9ErIUUgK3WNQoJYvylxvjqmiqEA9Q==",
      "dependencies": {
        "p-try": "^1.0.0"
      },
      "engines": {
        "node": ">=4"
      }
    },
    "node_modules/p-locate": {
      "version": "2.0.0",
      "resolved": "https://registry.npmjs.org/p-locate/-/p-locate-2.0.0.tgz",
      "integrity": "sha512-nQja7m7gSKuewoVRen45CtVfODR3crN3goVQ0DDZ9N3yHxgpkuBhZqsaiotSQRrADUrne346peY7kT3TSACykg==",
      "dependencies": {
        "p-limit": "^1.1.0"
      },
      "engines": {
        "node": ">=4"
      }
    },
    "node_modules/p-try": {
      "version": "1.0.0",
      "resolved": "https://registry.npmjs.org/p-try/-/p-try-1.0.0.tgz",
      "integrity": "sha512-U1etNYuMJoIz3ZXSrrySFjsXQTWOx2/jdi86L+2pRvph/qMKL6sbcCYdH23fqsbm8TH2Gn0OybpT4eSFlCVHww==",
      "engines": {
        "node": ">=4"
      }
    },
    "node_modules/path-exists": {
      "version": "3.0.0",
      "resolved": "https://registry.npmjs.org/path-exists/-/path-exists-3.0.0.tgz",
      "integrity": "sha512-bpC7GYwiDYQ4wYLe+FA8lhRjhQCMcQGuSgGGqDkg/QerRWw9CmGRT0iSOVRSZJ29NMLZgIzqaljJ63oaL4NIJQ==",
      "engines": {
        "node": ">=4"
      }
    },
    "node_modules/pify": {
      "version": "3.0.0",
      "resolved": "https://registry.npmjs.org/pify/-/pify-3.0.0.tgz",
      "integrity": "sha512-C3FsVNH1udSEX48gGX1xfvwTWfsYWj5U+8/uK15BGzIGrKoUpghX8hWZwa/OFnakBiiVNmBvemTJR5mcy7iPcg==",
      "engines": {
        "node": ">=4"
      }
    },
    "node_modules/pkg-up": {
      "version": "2.0.0",
      "resolved": "https://registry.npmjs.org/pkg-up/-/pkg-up-2.0.0.tgz",
      "integrity": "sha512-fjAPuiws93rm7mPUu21RdBnkeZNrbfCFCwfAhPWY+rR3zG0ubpe5cEReHOw5fIbfmsxEV/g2kSxGTATY3Bpnwg==",
      "dependencies": {
        "find-up": "^2.1.0"
      },
      "engines": {
        "node": ">=4"
      }
    },
    "node_modules/signal-exit": {
      "version": "3.0.7",
      "resolved": "https://registry.npmjs.org/signal-exit/-/signal-exit-3.0.7.tgz",
      "integrity": "sha512-wnD2ZE+l+SPC/uoS0vXeE9L1+0wuaMqKlfz9AMUo38JsyLSBWSFcHR1Rri62LZc12vLr1gb3jl7iwQhgwpAbGQ=="
    },
    "node_modules/write-file-atomic": {
      "version": "2.4.3",
      "resolved": "https://registry.npmjs.org/write-file-atomic/-/write-file-atomic-2.4.3.tgz",
      "integrity": "sha512-GaETH5wwsX+GcnzhPgKcKjJ6M2Cq3/iZp1WyY/X1CSqrW+jVNM9Y7D8EC2sM4ZG/V8wZlSniJnCKWPmBYAucRQ==",
      "dependencies": {
        "graceful-fs": "^4.1.11",
        "imurmurhash": "^0.1.4",
        "signal-exit": "^3.0.2"
      }
    }
  },
  "dependencies": {
    "conf": {
      "version": "1.4.0",
      "resolved": "https://registry.npmjs.org/conf/-/conf-1.4.0.tgz",
      "integrity": "sha512-bzlVWS2THbMetHqXKB8ypsXN4DQ/1qopGwNJi1eYbpwesJcd86FBjFciCQX/YwAhp9bM7NVnPFqZ5LpV7gP0Dg==",
      "requires": {
        "dot-prop": "^4.1.0",
        "env-paths": "^1.0.0",
        "make-dir": "^1.0.0",
        "pkg-up": "^2.0.0",
        "write-file-atomic": "^2.3.0"
      }
    },
    "dot-prop": {
      "version": "4.2.1",
      "resolved": "https://registry.npmjs.org/dot-prop/-/dot-prop-4.2.1.tgz",
      "integrity": "sha512-l0p4+mIuJIua0mhxGoh4a+iNL9bmeK5DvnSVQa6T0OhrVmaEa1XScX5Etc673FePCJOArq/4Pa2cLGODUWTPOQ==",
      "requires": {
        "is-obj": "^1.0.0"
      }
    },
    "electron-config": {
      "version": "2.0.0",
      "resolved": "https://registry.npmjs.org/electron-config/-/electron-config-2.0.0.tgz",
      "integrity": "sha512-5mGwRK4lsAo6tiy4KNF/zUInYpUGr7JJzLA8FHOoqBWV3kkKJWSrDXo4Uk2Ffm5aeQ1o73XuorfkYhaWFV2O4g==",
      "requires": {
        "conf": "^1.0.0"
      }
    },
    "electron-log": {
      "version": "5.1.7",
      "resolved": "https://registry.npmjs.org/electron-log/-/electron-log-5.1.7.tgz",
      "integrity": "sha512-/PjrS9zGkrZCDTHt6IgNE3FeciBbi4wd7U76NG9jAoNXF99E9IJdvBkqvaUJ1NjLojYDKs0kTvn9YhKy1/Zi+Q=="
    },
    "env-paths": {
      "version": "1.0.0",
      "resolved": "https://registry.npmjs.org/env-paths/-/env-paths-1.0.0.tgz",
      "integrity": "sha512-+6r/UAzikJWJPcQZpBQS+bVmjAMz2BkDP/N4n2Uz1zz8lyw1IHWUeVdh/85gs0dp5A+z76LOQhCZkR6F88mlUw=="
    },
    "find-up": {
      "version": "2.1.0",
      "resolved": "https://registry.npmjs.org/find-up/-/find-up-2.1.0.tgz",
      "integrity": "sha512-NWzkk0jSJtTt08+FBFMvXoeZnOJD+jTtsRmBYbAIzJdX6l7dLgR7CTubCM5/eDdPUBvLCeVasP1brfVR/9/EZQ==",
      "requires": {
        "locate-path": "^2.0.0"
      }
    },
    "graceful-fs": {
      "version": "4.2.11",
      "resolved": "https://registry.npmjs.org/graceful-fs/-/graceful-fs-4.2.11.tgz",
      "integrity": "sha512-RbJ5/jmFcNNCcDV5o9eTnBLJ/HszWV0P73bc+Ff4nS/rJj+YaS6IGyiOL0VoBYX+l1Wrl3k63h/KrH+nhJ0XvQ=="
    },
    "imurmurhash": {
      "version": "0.1.4",
      "resolved": "https://registry.npmjs.org/imurmurhash/-/imurmurhash-0.1.4.tgz",
      "integrity": "sha512-JmXMZ6wuvDmLiHEml9ykzqO6lwFbof0GG4IkcGaENdCRDDmMVnny7s5HsIgHCbaq0w2MyPhDqkhTUgS2LU2PHA=="
    },
    "is-obj": {
      "version": "1.0.1",
      "resolved": "https://registry.npmjs.org/is-obj/-/is-obj-1.0.1.tgz",
      "integrity": "sha512-l4RyHgRqGN4Y3+9JHVrNqO+tN0rV5My76uW5/nuO4K1b6vw5G8d/cmFjP9tRfEsdhZNt0IFdZuK/c2Vr4Nb+Qg=="
    },
    "locate-path": {
      "version": "2.0.0",
      "resolved": "https://registry.npmjs.org/locate-path/-/locate-path-2.0.0.tgz",
      "integrity": "sha512-NCI2kiDkyR7VeEKm27Kda/iQHyKJe1Bu0FlTbYp3CqJu+9IFe9bLyAjMxf5ZDDbEg+iMPzB5zYyUTSm8wVTKmA==",
      "requires": {
        "p-locate": "^2.0.0",
        "path-exists": "^3.0.0"
      }
    },
    "make-dir": {
      "version": "1.3.0",
      "resolved": "https://registry.npmjs.org/make-dir/-/make-dir-1.3.0.tgz",
      "integrity": "sha512-2w31R7SJtieJJnQtGc7RVL2StM2vGYVfqUOvUDxH6bC6aJTxPxTF0GnIgCyu7tjockiUWAYQRbxa7vKn34s5sQ==",
      "requires": {
        "pify": "^3.0.0"
      }
    },
    "p-limit": {
      "version": "1.3.0",
      "resolved": "https://registry.npmjs.org/p-limit/-/p-limit-1.3.0.tgz",
      "integrity": "sha512-vvcXsLAJ9Dr5rQOPk7toZQZJApBl2K4J6dANSsEuh6QI41JYcsS/qhTGa9ErIUUgK3WNQoJYvylxvjqmiqEA9Q==",
      "requires": {
        "p-try": "^1.0.0"
      }
    },
    "p-locate": {
      "version": "2.0.0",
      "resolved": "https://registry.npmjs.org/p-locate/-/p-locate-2.0.0.tgz",
      "integrity": "sha512-nQja7m7gSKuewoVRen45CtVfODR3crN3goVQ0DDZ9N3yHxgpkuBhZqsaiotSQRrADUrne346peY7kT3TSACykg==",
      "requires": {
        "p-limit": "^1.1.0"
      }
    },
    "p-try": {
      "version": "1.0.0",
      "resolved": "https://registry.npmjs.org/p-try/-/p-try-1.0.0.tgz",
      "integrity": "sha512-U1etNYuMJoIz3ZXSrrySFjsXQTWOx2/jdi86L+2pRvph/qMKL6sbcCYdH23fqsbm8TH2Gn0OybpT4eSFlCVHww=="
    },
    "path-exists": {
      "version": "3.0.0",
      "resolved": "https://registry.npmjs.org/path-exists/-/path-exists-3.0.0.tgz",
      "integrity": "sha512-bpC7GYwiDYQ4wYLe+FA8lhRjhQCMcQGuSgGGqDkg/QerRWw9CmGRT0iSOVRSZJ29NMLZgIzqaljJ63oaL4NIJQ=="
    },
    "pify": {
      "version": "3.0.0",
      "resolved": "https://registry.npmjs.org/pify/-/pify-3.0.0.tgz",
      "integrity": "sha512-C3FsVNH1udSEX48gGX1xfvwTWfsYWj5U+8/uK15BGzIGrKoUpghX8hWZwa/OFnakBiiVNmBvemTJR5mcy7iPcg=="
    },
    "pkg-up": {
      "version": "2.0.0",
      "resolved": "https://registry.npmjs.org/pkg-up/-/pkg-up-2.0.0.tgz",
      "integrity": "sha512-fjAPuiws93rm7mPUu21RdBnkeZNrbfCFCwfAhPWY+rR3zG0ubpe5cEReHOw5fIbfmsxEV/g2kSxGTATY3Bpnwg==",
      "requires": {
        "find-up": "^2.1.0"
      }
    },
    "signal-exit": {
      "version": "3.0.7",
      "resolved": "https://registry.npmjs.org/signal-exit/-/signal-exit-3.0.7.tgz",
      "integrity": "sha512-wnD2ZE+l+SPC/uoS0vXeE9L1+0wuaMqKlfz9AMUo38JsyLSBWSFcHR1Rri62LZc12vLr1gb3jl7iwQhgwpAbGQ=="
    },
    "write-file-atomic": {
      "version": "2.4.3",
      "resolved": "https://registry.npmjs.org/write-file-atomic/-/write-file-atomic-2.4.3.tgz",
      "integrity": "sha512-GaETH5wwsX+GcnzhPgKcKjJ6M2Cq3/iZp1WyY/X1CSqrW+jVNM9Y7D8EC2sM4ZG/V8wZlSniJnCKWPmBYAucRQ==",
      "requires": {
        "graceful-fs": "^4.1.11",
        "imurmurhash": "^0.1.4",
        "signal-exit": "^3.0.2"
      }
    }
  }
}
